# This file is automatically @generated by Cargo.
# It is not intended for manual editing.
[[package]]
name = "cargo-husky"
version = "1.5.0"
source = "registry+https://github.com/rust-lang/crates.io-index"

[[package]]
name = "testanything"
version = "0.2.1"
dependencies = [
 "cargo-husky 1.5.0 (registry+https://github.com/rust-lang/crates.io-index)",
]

[metadata]
"checksum cargo-husky 1.5.0 (registry+https://github.com/rust-lang/crates.io-index)" = "7b02b629252fe8ef6460461409564e2c21d0c8e77e0944f3d189ff06c4e932ad"
